
Microsoft Visual Studio Solution File, Format Version 12.00
# Visual Studio Version 17
VisualStudioVersion = 17.11.35431.28
MinimumVisualStudioVersion = 10.0.40219.1
Project("{9A19103F-16F7-4668-BE54-9A1E7A4F7556}") = "GestionTM", "GestionTM.csproj", "{02B5BFBD-FC88-4BD0-8FE9-654B008ACD1D}"
EndProject
Global
	GlobalSection(SolutionConfigurationPlatforms) = preSolution
		Debug|Any CPU = Debug|Any CPU
		Release|Any CPU = Release|Any CPU
	EndGlobalSection
	GlobalSection(ProjectConfigurationPlatforms) = postSolution
		{02B5BFBD-FC88-4BD0-8FE9-654B008ACD1D}.Debug|Any CPU.ActiveCfg = Debug|Any CPU
		{02B5BFBD-FC88-4BD0-8FE9-654B008ACD1D}.Debug|Any CPU.Build.0 = Debug|Any CPU
		{02B5BFBD-FC88-4BD0-8FE9-654B008ACD1D}.Release|Any CPU.ActiveCfg = Release|Any CPU
		{02B5BFBD-FC88-4BD0-8FE9-654B008ACD1D}.Release|Any CPU.Build.0 = Release|Any CPU
	EndGlobalSection
	GlobalSection(SolutionProperties) = preSolution
		HideSolutionNode = FALSE
	EndGlobalSection
	GlobalSection(ExtensibilityGlobals) = postSolution
		SolutionGuid = {A82C77E4-7584-49AB-92A8-8175CD76ADE9}
	EndGlobalSection
EndGlobal
